<?xml version="1.0" encoding="utf-8"?>
<Project ToolsVersion="4.0" xmlns="http://schemas.microsoft.com/developer/msbuild/2003">
  <ItemGroup>
    <Filter Include="Source Files">
      <UniqueIdentifier>{4FC737F1-C7A5-4376-A066-2A32D752A2FF}</UniqueIdentifier>
      <Extensions>cpp;c;cc;cxx;def;odl;idl;hpj;bat;asm;asmx</Extensions>
    </Filter>
    <Filter Include="Header Files">
      <UniqueIdentifier>{93995380-89BD-4b04-88EB-625FBE52EBFB}</UniqueIdentifier>
      <Extensions>h;hh;hpp;hxx;hm;inl;inc;ipp;xsd</Extensions>
    </Filter>
    <Filter Include="Resource Files">
      <UniqueIdentifier>{67DA6AB6-F800-4c08-8B7A-83BB121AAD01}</UniqueIdentifier>
      <Extensions>rc;ico;cur;bmp;dlg;rc2;rct;bin;rgs;gif;jpg;jpeg;jpe;resx;tiff;tif;png;wav;mfcribbon-ms</Extensions>
    </Filter>
  </ItemGroup>
  <ItemGroup>
    <ClCompile Include="src\main.cpp">
      <Filter>Source Files</Filter>
    </ClCompile>
    <ClCompile Include="src\MeshBuilder\MeshBuilder.cpp">
      <Filter>Source Files</Filter>
    </ClCompile>
    <ClCompile Include="src\MatrixBuilder\MatrixBuilder.cpp">
      <Filter>Source Files</Filter>
    </ClCompile>
  </ItemGroup>
  <ItemGroup>
    <Text Include="tests\test2\areaMatrix.txt" />
    <Text Include="tests\test2\boundary.txt" />
    <Text Include="tests\test2\intervalsX.txt" />
    <Text Include="tests\test2\intervalsY.txt" />
    <Text Include="tests\test3\areaMatrix.txt" />
    <Text Include="tests\test3\boundary.txt" />
    <Text Include="tests\test3\intervalsX.txt" />
    <Text Include="tests\test3\intervalsY.txt" />
    <Text Include="tests\test3\data.txt" />
    <Text Include="tests\test2\data.txt" />
    <Text Include="tests\test4\areaMatrix.txt" />
    <Text Include="tests\test4\boundary.txt" />
    <Text Include="tests\test4\intervalsX.txt" />
    <Text Include="tests\test4\intervalsY.txt" />
    <Text Include="tests\test4\data.txt" />
    <Text Include="tests\test5\areaMatrix.txt" />
    <Text Include="tests\test5\boundary.txt" />
    <Text Include="tests\test5\intervalsX.txt" />
    <Text Include="tests\test5\intervalsY.txt" />
    <Text Include="tests\test5\data.txt" />
    <Text Include="input\areaMatrix.txt" />
    <Text Include="input\boundary.txt" />
    <Text Include="input\intervalsX.txt" />
    <Text Include="input\intervalsY.txt" />
  </ItemGroup>
  <ItemGroup>
    <ClInclude Include="src\MeshBuilder\MeshBuilder.h">
      <Filter>Header Files</Filter>
    </ClInclude>
    <ClInclude Include="src\MatrixBuilder\MatrixBuilder.h">
      <Filter>Header Files</Filter>
    </ClInclude>
  </ItemGroup>
  <ItemGroup>
    <None Include="tests\test2\result.csv" />
    <None Include="tests\test3\result.csv" />
    <None Include="tests\test4\result.csv" />
    <None Include="tests\test5\result.csv" />
  </ItemGroup>
</Project>