
Microsoft Visual Studio Solution File, Format Version 12.00
# Visual Studio Version 16
VisualStudioVersion = 16.0.31005.135
MinimumVisualStudioVersion = 10.0.40219.1
Project("{FAE04EC0-301F-11D3-BF4B-00C04F79EFBC}") = "ElectromagneticProblem", "ElectromagneticProblem\ElectromagneticProblem.csproj", "{53996E9E-B480-4B05-9034-8650FA7B863A}"
EndProject
Project("{FAE04EC0-301F-11D3-BF4B-00C04F79EFBC}") = "MathUtility", "MathUtility\MathUtility.csproj", "{417E5227-54F4-4112-B8E4-6EE8EC2A3392}"
EndProject
Global
	GlobalSection(SolutionConfigurationPlatforms) = preSolution
		Debug|Any CPU = Debug|Any CPU
		Release|Any CPU = Release|Any CPU
	EndGlobalSection
	GlobalSection(ProjectConfigurationPlatforms) = postSolution
		{53996E9E-B480-4B05-9034-8650FA7B863A}.Debug|Any CPU.ActiveCfg = Debug|Any CPU
		{53996E9E-B480-4B05-9034-8650FA7B863A}.Debug|Any CPU.Build.0 = Debug|Any CPU
		{53996E9E-B480-4B05-9034-8650FA7B863A}.Release|Any CPU.ActiveCfg = Release|Any CPU
		{53996E9E-B480-4B05-9034-8650FA7B863A}.Release|Any CPU.Build.0 = Release|Any CPU
		{417E5227-54F4-4112-B8E4-6EE8EC2A3392}.Debug|Any CPU.ActiveCfg = Debug|Any CPU
		{417E5227-54F4-4112-B8E4-6EE8EC2A3392}.Debug|Any CPU.Build.0 = Debug|Any CPU
		{417E5227-54F4-4112-B8E4-6EE8EC2A3392}.Release|Any CPU.ActiveCfg = Release|Any CPU
		{417E5227-54F4-4112-B8E4-6EE8EC2A3392}.Release|Any CPU.Build.0 = Release|Any CPU
	EndGlobalSection
	GlobalSection(SolutionProperties) = preSolution
		HideSolutionNode = FALSE
	EndGlobalSection
	GlobalSection(ExtensibilityGlobals) = postSolution
		SolutionGuid = {45784AA4-4638-47FE-97D5-5ADECBBD1E8C}
	EndGlobalSection
EndGlobal
